# THIS IS AN AUTOGENERATED FILE. DO NOT EDIT THIS FILE DIRECTLY.
# yarn lockfile v1


esbuild@^0.8.7:
  version "0.8.31"
  resolved "https://nodejs.bnq.com.cn/esbuild/-/esbuild-0.8.31.tgz#c21e7adb3ad283c951a53de7ad64a5ae2df2ed34"
  integrity sha1-wh562zrSg8lRpT3nrWSlri3y7TQ=

fsevents@^2.2.0:
  version "2.3.1"
  resolved "https://nodejs.bnq.com.cn/fsevents/-/fsevents-2.3.1.tgz#b209ab14c61012636c8863507edf7fb68cc54e9f"
  integrity sha1-sgmrFMYQEmNsiGNQft9/tozFTp8=

snowpack@^3.0.3:
  version "3.0.3"
  resolved "https://nodejs.bnq.com.cn/snowpack/-/snowpack-3.0.3.tgz#46b72fbb18cee0c1bc52e7a4be77764bde7a025e"
  integrity sha1-RrcvuxjO4MG8Uuekvnd2S956Al4=
  dependencies:
    esbuild "^0.8.7"
  optionalDependencies:
    fsevents "^2.2.0"
